
Microsoft Visual Studio Solution File, Format Version 12.00
# Visual Studio Version 17
VisualStudioVersion = 17.9.34622.214
MinimumVisualStudioVersion = 10.0.40219.1
Project("{FAE04EC0-301F-11D3-BF4B-00C04F79EFBC}") = "CommandImplementation", "CommandImplementation\CommandImplementation.csproj", "{9AC9E8D6-4881-443A-80F7-C6B3E219F146}"
EndProject
Project("{FAE04EC0-301F-11D3-BF4B-00C04F79EFBC}") = "Data", "Data\Data.csproj", "{F064B5F7-29B8-437B-89FC-2F662CB404ED}"
EndProject
Project("{FAE04EC0-301F-11D3-BF4B-00C04F79EFBC}") = "ContactBookApp", "ContactBookApp\ContactBookApp.csproj", "{9EFC7B97-8B23-4F93-AFBC-B1B509F4B412}"
EndProject
Global
	GlobalSection(SolutionConfigurationPlatforms) = preSolution
		Debug|Any CPU = Debug|Any CPU
		Release|Any CPU = Release|Any CPU
	EndGlobalSection
	GlobalSection(ProjectConfigurationPlatforms) = postSolution
		{9AC9E8D6-4881-443A-80F7-C6B3E219F146}.Debug|Any CPU.ActiveCfg = Debug|Any CPU
		{9AC9E8D6-4881-443A-80F7-C6B3E219F146}.Debug|Any CPU.Build.0 = Debug|Any CPU
		{9AC9E8D6-4881-443A-80F7-C6B3E219F146}.Release|Any CPU.ActiveCfg = Release|Any CPU
		{9AC9E8D6-4881-443A-80F7-C6B3E219F146}.Release|Any CPU.Build.0 = Release|Any CPU
		{F064B5F7-29B8-437B-89FC-2F662CB404ED}.Debug|Any CPU.ActiveCfg = Debug|Any CPU
		{F064B5F7-29B8-437B-89FC-2F662CB404ED}.Debug|Any CPU.Build.0 = Debug|Any CPU
		{F064B5F7-29B8-437B-89FC-2F662CB404ED}.Release|Any CPU.ActiveCfg = Release|Any CPU
		{F064B5F7-29B8-437B-89FC-2F662CB404ED}.Release|Any CPU.Build.0 = Release|Any CPU
		{9EFC7B97-8B23-4F93-AFBC-B1B509F4B412}.Debug|Any CPU.ActiveCfg = Debug|Any CPU
		{9EFC7B97-8B23-4F93-AFBC-B1B509F4B412}.Debug|Any CPU.Build.0 = Debug|Any CPU
		{9EFC7B97-8B23-4F93-AFBC-B1B509F4B412}.Release|Any CPU.ActiveCfg = Release|Any CPU
		{9EFC7B97-8B23-4F93-AFBC-B1B509F4B412}.Release|Any CPU.Build.0 = Release|Any CPU
	EndGlobalSection
	GlobalSection(SolutionProperties) = preSolution
		HideSolutionNode = FALSE
	EndGlobalSection
	GlobalSection(ExtensibilityGlobals) = postSolution
		SolutionGuid = {5C39150F-DFEC-452C-9BA2-67971530157D}
	EndGlobalSection
EndGlobal
