
Microsoft Visual Studio Solution File, Format Version 12.00
# Visual Studio 15
VisualStudioVersion = 15.0.28307.1145
MinimumVisualStudioVersion = 10.0.40219.1
Project("{FAE04EC0-301F-11D3-BF4B-00C04F79EFBC}") = "CommandImplementation", "CommandImplementation\CommandImplementation.csproj", "{9AC9E8D6-4881-443A-80F7-C6B3E219F146}"
EndProject
Project("{FAE04EC0-301F-11D3-BF4B-00C04F79EFBC}") = "PhoneBook_with_Commands", "PhoneBook_with_Commands\PhoneBook_with_Commands.csproj", "{3F242001-FE38-4E78-8BF9-1A80D4753ADB}"
EndProject
Global
	GlobalSection(SolutionConfigurationPlatforms) = preSolution
		Debug|Any CPU = Debug|Any CPU
		Release|Any CPU = Release|Any CPU
	EndGlobalSection
	GlobalSection(ProjectConfigurationPlatforms) = postSolution
		{9AC9E8D6-4881-443A-80F7-C6B3E219F146}.Debug|Any CPU.ActiveCfg = Debug|Any CPU
		{9AC9E8D6-4881-443A-80F7-C6B3E219F146}.Debug|Any CPU.Build.0 = Debug|Any CPU
		{9AC9E8D6-4881-443A-80F7-C6B3E219F146}.Release|Any CPU.ActiveCfg = Release|Any CPU
		{9AC9E8D6-4881-443A-80F7-C6B3E219F146}.Release|Any CPU.Build.0 = Release|Any CPU
		{3F242001-FE38-4E78-8BF9-1A80D4753ADB}.Debug|Any CPU.ActiveCfg = Debug|Any CPU
		{3F242001-FE38-4E78-8BF9-1A80D4753ADB}.Debug|Any CPU.Build.0 = Debug|Any CPU
		{3F242001-FE38-4E78-8BF9-1A80D4753ADB}.Release|Any CPU.ActiveCfg = Release|Any CPU
		{3F242001-FE38-4E78-8BF9-1A80D4753ADB}.Release|Any CPU.Build.0 = Release|Any CPU
	EndGlobalSection
	GlobalSection(SolutionProperties) = preSolution
		HideSolutionNode = FALSE
	EndGlobalSection
	GlobalSection(ExtensibilityGlobals) = postSolution
		SolutionGuid = {5C39150F-DFEC-452C-9BA2-67971530157D}
	EndGlobalSection
EndGlobal
